DEPENDENCIES
  elastic_opsworks
    path: .
    metadata: true

GRAPH
  apt (7.1.1)
  ark (4.0.0)
    build-essential (>= 0.0.0)
    seven_zip (>= 0.0.0)
  build-essential (8.2.1)
    mingw (>= 1.1)
    seven_zip (>= 0.0.0)
  chef-sugar (5.0.1)
  elastic_opsworks (0.1.0)
    elasticsearch (>= 0.0.0)
    java (= 3.2.1)
    seven_zip (= 2.0.2)
  elasticsearch (4.0.6)
    apt (>= 0.0.0)
    ark (>= 0.0.0)
    chef-sugar (>= 0.0.0)
    yum (>= 0.0.0)
  homebrew (5.0.8)
  java (3.2.1)
    homebrew (>= 0.0.0)
    windows (>= 0.0.0)
  mingw (2.1.0)
    seven_zip (>= 0.0.0)
  seven_zip (2.0.2)
    windows (>= 1.2.2)
  windows (6.0.0)
  yum (5.1.0)
